// !$*UTF8*$!
{
	archiveVersion = 1;
	classes = {
	};
	objectVersion = 77;
	objects = {

/* Begin PBXContainerItemProxy section */
		8FEA128D2FBB3C95009903F4 /* PBXContainerItemProxy */ = {
			isa = PBXContainerItemProxy;
			containerPortal = 8FEA12772FBB3C94009903F4 /* Project object */;
			proxyType = 1;
			remoteGlobalIDString = 8FEA127E2FBB3C94009903F4;
			remoteInfo = Graphos_UI;
		};
		8FEA12972FBB3C95009903F4 /* PBXContainerItemProxy */ = {
			isa = PBXContainerItemProxy;
			containerPortal = 8FEA12772FBB3C94009903F4 /* Project object */;
			proxyType = 1;
			remoteGlobalIDString = 8FEA127E2FBB3C94009903F4;
			remoteInfo = Graphos_UI;
		};
/* End PBXContainerItemProxy section */

/* Begin PBXFileReference section */
		8F485F5A3004A45D007B93BE /* Graphos-Info.plist */ = {isa = PBXFileReference; lastKnownFileType = text.plist; path = "Graphos-Info.plist"; sourceTree = "<group>"; };
		8FEA127F2FBB3C94009903F4 /* Graphos.app */ = {isa = PBXFileReference; explicitFileType = wrapper.application; includeInIndex = 0; path = Graphos.app; sourceTree = BUILT_PRODUCTS_DIR; };
		8FEA128C2FBB3C95009903F4 /* GraphosTests.xctest */ = {isa = PBXFileReference; explicitFileType = wrapper.cfbundle; includeInIndex = 0; path = GraphosTests.xctest; sourceTree = BUILT_PRODUCTS_DIR; };
		8FEA12962FBB3C95009903F4 /* GraphosUITests.xctest */ = {isa = PBXFileReference; explicitFileType = wrapper.cfbundle; includeInIndex = 0; path = GraphosUITests.xctest; sourceTree = BUILT_PRODUCTS_DIR; };
/* End PBXFileReference section */

/* Begin PBXFileSystemSynchronizedRootGroup section */
		8F08F0302FFE03D10046FE3E /* Graphos_Models */ = {
			isa = PBXFileSystemSynchronizedRootGroup;
			path = Graphos_Models;
			sourceTree = "<group>";
		};
		8F08F0392FFE15130046FE3E /* Graphos_Service */ = {
			isa = PBXFileSystemSynchronizedRootGroup;
			path = Graphos_Service;
			sourceTree = "<group>";
		};
		8F08F04B2FFE16980046FE3E /* Manager */ = {
			isa = PBXFileSystemSynchronizedRootGroup;
			path = Manager;
			sourceTree = "<group>";
		};
		8FEA12812FBB3C94009903F4 /* Graphos_View */ = {
			isa = PBXFileSystemSynchronizedRootGroup;
			path = Graphos_View;
			sourceTree = "<group>";
		};
		8FEA128F2FBB3C95009903F4 /* Graphos_UITests */ = {
			isa = PBXFileSystemSynchronizedRootGroup;
			path = Graphos_UITests;
			sourceTree = "<group>";
		};
		8FEA12992FBB3C95009903F4 /* Graphos_UIUITests */ = {
			isa = PBXFileSystemSynchronizedRootGroup;
			path = Graphos_UIUITests;
			sourceTree = "<group>";
		};
/* End PBXFileSystemSynchronizedRootGroup section */

/* Begin PBXFrameworksBuildPhase section */
		8FEA127C2FBB3C94009903F4 /* Frameworks */ = {
			isa = PBXFrameworksBuildPhase;
			buildActionMask = 2147483647;
			files = (
			);
			runOnlyForDeploymentPostprocessing = 0;
		};
		8FEA12892FBB3C95009903F4 /* Frameworks */ = {
			isa = PBXFrameworksBuildPhase;
			buildActionMask = 2147483647;
			files = (
			);
			runOnlyForDeploymentPostprocessing = 0;
		};
		8FEA12932FBB3C95009903F4 /* Frameworks */ = {
			isa = PBXFrameworksBuildPhase;
			buildActionMask = 2147483647;
			files = (
			);
			runOnlyForDeploymentPostprocessing = 0;
		};
/* End PBXFrameworksBuildPhase section */

/* Begin PBXGroup section */
		8FEA12762FBB3C94009903F4 = {
			isa = PBXGroup;
			children = (
				8F485F5A3004A45D007B93BE /* Graphos-Info.plist */,
				8F08F04B2FFE16980046FE3E /* Manager */,
				8F08F0392FFE15130046FE3E /* Graphos_Service */,
				8F08F0302FFE03D10046FE3E /* Graphos_Models */,
				8FEA12812FBB3C94009903F4 /* Graphos_View */,
				8FEA128F2FBB3C95009903F4 /* Graphos_UITests */,
				8FEA12992FBB3C95009903F4 /* Graphos_UIUITests */,
				8FEA12802FBB3C94009903F4 /* Products */,
			);
			sourceTree = "<group>";
		};
		8FEA12802FBB3C94009903F4 /* Products */ = {
			isa = PBXGroup;
			children = (
				8FEA127F2FBB3C94009903F4 /* Graphos.app */,
				8FEA128C2FBB3C95009903F4 /* GraphosTests.xctest */,
				8FEA12962FBB3C95009903F4 /* GraphosUITests.xctest */,
			);
			name = Products;
			sourceTree = "<group>";
		};
/* End PBXGroup section */

/* Begin PBXNativeTarget section */
		8FEA127E2FBB3C94009903F4 /* Graphos */ = {
			isa = PBXNativeTarget;
			buildConfigurationList = 8FEA12A02FBB3C95009903F4 /* Build configuration list for PBXNativeTarget "Graphos" */;
			buildPhases = (
				8FEA127B2FBB3C94009903F4 /* Sources */,
				8FEA127C2FBB3C94009903F4 /* Frameworks */,
				8FEA127D2FBB3C94009903F4 /* Resources */,
			);
			buildRules = (
			);
			dependencies = (
			);
			fileSystemSynchronizedGroups = (
				8F08F0302FFE03D10046FE3E /* Graphos_Models */,
				8F08F0392FFE15130046FE3E /* Graphos_Service */,
				8F08F04B2FFE16980046FE3E /* Manager */,
				8FEA12812FBB3C94009903F4 /* Graphos_View */,
			);
			name = Graphos;
			packageProductDependencies = (
			);
			productName = Graphos_UI;
			productReference = 8FEA127F2FBB3C94009903F4 /* Graphos.app */;
			productType = "com.apple.product-type.application";
		};
		8FEA128B2FBB3C95009903F4 /* GraphosTests */ = {
			isa = PBXNativeTarget;
			buildConfigurationList = 8FEA12A32FBB3C95009903F4 /* Build configuration list for PBXNativeTarget "GraphosTests" */;
			buildPhases = (
				8FEA12882FBB3C95009903F4 /* Sources */,
				8FEA12892FBB3C95009903F4 /* Frameworks */,
				8FEA128A2FBB3C95009903F4 /* Resources */,
			);
			buildRules = (
			);
			dependencies = (
				8FEA128E2FBB3C95009903F4 /* PBXTargetDependency */,
			);
			fileSystemSynchronizedGroups = (
				8FEA128F2FBB3C95009903F4 /* Graphos_UITests */,
			);
			name = GraphosTests;
			packageProductDependencies = (
			);
			productName = Graphos_UITests;
			productReference = 8FEA128C2FBB3C95009903F4 /* GraphosTests.xctest */;
			productType = "com.apple.product-type.bundle.unit-test";
		};
		8FEA12952FBB3C95009903F4 /* GraphosUITests */ = {
			isa = PBXNativeTarget;
			buildConfigurationList = 8FEA12A62FBB3C95009903F4 /* Build configuration list for PBXNativeTarget "GraphosUITests" */;
			buildPhases = (
				8FEA12922FBB3C95009903F4 /* Sources */,
				8FEA12932FBB3C95009903F4 /* Frameworks */,
				8FEA12942FBB3C95009903F4 /* Resources */,
			);
			buildRules = (
			);
			dependencies = (
				8FEA12982FBB3C95009903F4 /* PBXTargetDependency */,
			);
			fileSystemSynchronizedGroups = (
				8FEA12992FBB3C95009903F4 /* Graphos_UIUITests */,
			);
			name = GraphosUITests;
			packageProductDependencies = (
			);
			productName = Graphos_UIUITests;
			productReference = 8FEA12962FBB3C95009903F4 /* GraphosUITests.xctest */;
			productType = "com.apple.product-type.bundle.ui-testing";
		};
/* End PBXNativeTarget section */

/* Begin PBXProject section */
		8FEA12772FBB3C94009903F4 /* Project object */ = {
			isa = PBXProject;
			attributes = {
				BuildIndependentTargetsInParallel = 1;
				LastSwiftUpdateCheck = 2640;
				LastUpgradeCheck = 2640;
				TargetAttributes = {
					8FEA127E2FBB3C94009903F4 = {
						CreatedOnToolsVersion = 26.4.1;
					};
					8FEA128B2FBB3C95009903F4 = {
						CreatedOnToolsVersion = 26.4.1;
						TestTargetID = 8FEA127E2FBB3C94009903F4;
					};
					8FEA12952FBB3C95009903F4 = {
						CreatedOnToolsVersion = 26.4.1;
						TestTargetID = 8FEA127E2FBB3C94009903F4;
					};
				};
			};
			buildConfigurationList = 8FEA127A2FBB3C94009903F4 /* Build configuration list for PBXProject "Graphos" */;
			developmentRegion = en;
			hasScannedForEncodings = 0;
			knownRegions = (
				en,
				Base,
			);
			mainGroup = 8FEA12762FBB3C94009903F4;
			minimizedProjectReferenceProxies = 1;
			preferredProjectObjectVersion = 77;
			productRefGroup = 8FEA12802FBB3C94009903F4 /* Products */;
			projectDirPath = "";
			projectRoot = "";
			targets = (
				8FEA127E2FBB3C94009903F4 /* Graphos */,
				8FEA128B2FBB3C95009903F4 /* GraphosTests */,
				8FEA12952FBB3C95009903F4 /* GraphosUITests */,
			);
		};
/* End PBXProject section */

/* Begin PBXResourcesBuildPhase section */
		8FEA127D2FBB3C94009903F4 /* Resources */ = {
			isa = PBXResourcesBuildPhase;
			buildActionMask = 2147483647;
			files = (
			);
			runOnlyForDeploymentPostprocessing = 0;
		};
		8FEA128A2FBB3C95009903F4 /* Resources */ = {
			isa = PBXResourcesBuildPhase;
			buildActionMask = 2147483647;
			files = (
			);
			runOnlyForDeploymentPostprocessing = 0;
		};
		8FEA12942FBB3C95009903F4 /* Resources */ = {
			isa = PBXResourcesBuildPhase;
			buildActionMask = 2147483647;
			files = (
			);
			runOnlyForDeploymentPostprocessing = 0;
		};
/* End PBXResourcesBuildPhase section */

/* Begin PBXSourcesBuildPhase section */
		8FEA127B2FBB3C94009903F4 /* Sources */ = {
			isa = PBXSourcesBuildPhase;
			buildActionMask = 2147483647;
			files = (
			);
			runOnlyForDeploymentPostprocessing = 0;
		};
		8FEA12882FBB3C95009903F4 /* Sources */ = {
			isa = PBXSourcesBuildPhase;
			buildActionMask = 2147483647;
			files = (
			);
			runOnlyForDeploymentPostprocessing = 0;
		};
		8FEA12922FBB3C95009903F4 /* Sources */ = {
			isa = PBXSourcesBuildPhase;
			buildActionMask = 2147483647;
			files = (
			);
			runOnlyForDeploymentPostprocessing = 0;
		};
/* End PBXSourcesBuildPhase section */

/* Begin PBXTargetDependency section */
		8FEA128E2FBB3C95009903F4 /* PBXTargetDependency */ = {
			isa = PBXTargetDependency;
			target = 8FEA127E2FBB3C94009903F4 /* Graphos */;
			targetProxy = 8FEA128D2FBB3C95009903F4 /* PBXContainerItemProxy */;
		};
		8FEA12982FBB3C95009903F4 /* PBXTargetDependency */ = {
			isa = PBXTargetDependency;
			target = 8FEA127E2FBB3C94009903F4 /* Graphos */;
			targetProxy = 8FEA12972FBB3C95009903F4 /* PBXContainerItemProxy */;
		};
/* End PBXTargetDependency section */

/* Begin XCBuildConfiguration section */
		8FEA129E2FBB3C95009903F4 /* Debug */ = {
			isa = XCBuildConfiguration;
			buildSettings = {
				ALWAYS_SEARCH_USER_PATHS = NO;
				ASSETCATALOG_COMPILER_GENERATE_SWIFT_ASSET_SYMBOL_EXTENSIONS = YES;
				CLANG_ANALYZER_NONNULL = YES;
				CLANG_ANALYZER_NUMBER_OBJECT_CONVERSION = YES_AGGRESSIVE;
				CLANG_CXX_LANGUAGE_STANDARD = "gnu++20";
				CLANG_ENABLE_MODULES = YES;
				CLANG_ENABLE_OBJC_ARC = YES;
				CLANG_ENABLE_OBJC_WEAK = YES;
				CLANG_WARN_BLOCK_CAPTURE_AUTORELEASING = YES;
				CLANG_WARN_BOOL_CONVERSION = YES;
				CLANG_WARN_COMMA = YES;
				CLANG_WARN_CONSTANT_CONVERSION = YES;
				CLANG_WARN_DEPRECATED_OBJC_IMPLEMENTATIONS = YES;
				CLANG_WARN_DIRECT_OBJC_ISA_USAGE = YES_ERROR;
				CLANG_WARN_DOCUMENTATION_COMMENTS = YES;
				CLANG_WARN_EMPTY_BODY = YES;
				CLANG_WARN_ENUM_CONVERSION = YES;
				CLANG_WARN_INFINITE_RECURSION = YES;
				CLANG_WARN_INT_CONVERSION = YES;
				CLANG_WARN_NON_LITERAL_NULL_CONVERSION = YES;
				CLANG_WARN_OBJC_IMPLICIT_RETAIN_SELF = YES;
				CLANG_WARN_OBJC_LITERAL_CONVERSION = YES;
				CLANG_WARN_OBJC_ROOT_CLASS = YES_ERROR;
				CLANG_WARN_QUOTED_INCLUDE_IN_FRAMEWORK_HEADER = YES;
				CLANG_WARN_RANGE_LOOP_ANALYSIS = YES;
				CLANG_WARN_STRICT_PROTOTYPES = YES;
				CLANG_WARN_SUSPICIOUS_MOVE = YES;
				CLANG_WARN_UNGUARDED_AVAILABILITY = YES_AGGRESSIVE;
				CLANG_WARN_UNREACHABLE_CODE = YES;
				CLANG_WARN__DUPLICATE_METHOD_MATCH = YES;
				COPY_PHASE_STRIP = NO;
				DEBUG_INFORMATION_FORMAT = dwarf;
				ENABLE_STRICT_OBJC_MSGSEND = YES;
				ENABLE_TESTABILITY = YES;
				ENABLE_USER_SCRIPT_SANDBOXING = YES;
				GCC_C_LANGUAGE_STANDARD = gnu17;
				GCC_DYNAMIC_NO_PIC = NO;
				GCC_NO_COMMON_BLOCKS = YES;
				GCC_OPTIMIZATION_LEVEL = 0;
				GCC_PREPROCESSOR_DEFINITIONS = (
					"DEBUG=1",
					"$(inherited)",
				);
				GCC_WARN_64_TO_32_BIT_CONVERSION = YES;
				GCC_WARN_ABOUT_RETURN_TYPE = YES_ERROR;
				GCC_WARN_UNDECLARED_SELECTOR = YES;
				GCC_WARN_UNINITIALIZED_AUTOS = YES_AGGRESSIVE;
				GCC_WARN_UNUSED_FUNCTION = YES;
				GCC_WARN_UNUSED_VARIABLE = YES;
				IPHONEOS_DEPLOYMENT_TARGET = 26.4;
				LOCALIZATION_PREFERS_STRING_CATALOGS = YES;
				MTL_ENABLE_DEBUG_INFO = INCLUDE_SOURCE;
				MTL_FAST_MATH = YES;
				ONLY_ACTIVE_ARCH = YES;
				SDKROOT = iphoneos;
				SWIFT_ACTIVE_COMPILATION_CONDITIONS = "DEBUG $(inherited)";
				SWIFT_OPTIMIZATION_LEVEL = "-Onone";
			};
			name = Debug;
		};
		8FEA129F2FBB3C95009903F4 /* Release */ = {
			isa = XCBuildConfiguration;
			buildSettings = {
				ALWAYS_SEARCH_USER_PATHS = NO;
				ASSETCATALOG_COMPILER_GENERATE_SWIFT_ASSET_SYMBOL_EXTENSIONS = YES;
				CLANG_ANALYZER_NONNULL = YES;
				CLANG_ANALYZER_NUMBER_OBJECT_CONVERSION = YES_AGGRESSIVE;
				CLANG_CXX_LANGUAGE_STANDARD = "gnu++20";
				CLANG_ENABLE_MODULES = YES;
				CLANG_ENABLE_OBJC_ARC = YES;
				CLANG_ENABLE_OBJC_WEAK = YES;
				CLANG_WARN_BLOCK_CAPTURE_AUTORELEASING = YES;
				CLANG_WARN_BOOL_CONVERSION = YES;
				CLANG_WARN_COMMA = YES;
				CLANG_WARN_CONSTANT_CONVERSION = YES;
				CLANG_WARN_DEPRECATED_OBJC_IMPLEMENTATIONS = YES;
				CLANG_WARN_DIRECT_OBJC_ISA_USAGE = YES_ERROR;
				CLANG_WARN_DOCUMENTATION_COMMENTS = YES;
				CLANG_WARN_EMPTY_BODY = YES;
				CLANG_WARN_ENUM_CONVERSION = YES;
				CLANG_WARN_INFINITE_RECURSION = YES;
				CLANG_WARN_INT_CONVERSION = YES;
				CLANG_WARN_NON_LITERAL_NULL_CONVERSION = YES;
				CLANG_WARN_OBJC_IMPLICIT_RETAIN_SELF = YES;
				CLANG_WARN_OBJC_LITERAL_CONVERSION = YES;
				CLANG_WARN_OBJC_ROOT_CLASS = YES_ERROR;
				CLANG_WARN_QUOTED_INCLUDE_IN_FRAMEWORK_HEADER = YES;
				CLANG_WARN_RANGE_LOOP_ANALYSIS = YES;
				CLANG_WARN_STRICT_PROTOTYPES = YES;
				CLANG_WARN_SUSPICIOUS_MOVE = YES;
				CLANG_WARN_UNGUARDED_AVAILABILITY = YES_AGGRESSIVE;
				CLANG_WARN_UNREACHABLE_CODE = YES;
				CLANG_WARN__DUPLICATE_METHOD_MATCH = YES;
				COPY_PHASE_STRIP = NO;
				DEBUG_INFORMATION_FORMAT = "dwarf-with-dsym";
				ENABLE_NS_ASSERTIONS = NO;
				ENABLE_STRICT_OBJC_MSGSEND = YES;
				ENABLE_USER_SCRIPT_SANDBOXING = YES;
				GCC_C_LANGUAGE_STANDARD = gnu17;
				GCC_NO_COMMON_BLOCKS = YES;
				GCC_WARN_64_TO_32_BIT_CONVERSION = YES;
				GCC_WARN_ABOUT_RETURN_TYPE = YES_ERROR;
				GCC_WARN_UNDECLARED_SELECTOR = YES;
				GCC_WARN_UNINITIALIZED_AUTOS = YES_AGGRESSIVE;
				GCC_WARN_UNUSED_FUNCTION = YES;
				GCC_WARN_UNUSED_VARIABLE = YES;
				IPHONEOS_DEPLOYMENT_TARGET = 26.4;
				LOCALIZATION_PREFERS_STRING_CATALOGS = YES;
				MTL_ENABLE_DEBUG_INFO = NO;
				MTL_FAST_MATH = YES;
				SDKROOT = iphoneos;
				SWIFT_COMPILATION_MODE = wholemodule;
				VALIDATE_PRODUCT = YES;
			};
			name = Release;
		};
		8FEA12A12FBB3C95009903F4 /* Debug */ = {
			isa = XCBuildConfiguration;
			buildSettings = {
				ASSETCATALOG_COMPILER_APPICON_NAME = AppIcon;
				ASSETCATALOG_COMPILER_GLOBAL_ACCENT_COLOR_NAME = AccentColor;
				CODE_SIGN_STYLE = Automatic;
				CURRENT_PROJECT_VERSION = 1;
				ENABLE_PREVIEWS = YES;
				GENERATE_INFOPLIST_FILE = YES;
				INFOPLIST_FILE = "Graphos-Info.plist";
				INFOPLIST_KEY_NSPhotoLibraryUsageDescription = "앨범 접근";
				INFOPLIST_KEY_UIApplicationSceneManifest_Generation = YES;
				INFOPLIST_KEY_UIApplicationSupportsIndirectInputEvents = YES;
				INFOPLIST_KEY_UILaunchScreen_Generation = YES;
				INFOPLIST_KEY_UISupportedInterfaceOrientations_iPad = "UIInterfaceOrientationPortrait UIInterfaceOrientationPortraitUpsideDown UIInterfaceOrientationLandscapeLeft UIInterfaceOrientationLandscapeRight";
				INFOPLIST_KEY_UISupportedInterfaceOrientations_iPhone = "UIInterfaceOrientationPortrait UIInterfaceOrientationLandscapeLeft UIInterfaceOrientationLandscapeRight";
				LD_RUNPATH_SEARCH_PATHS = (
					"$(inherited)",
					"@executable_path/Frameworks",
				);
				MARKETING_VERSION = 1.0;
				PRODUCT_BUNDLE_IDENTIFIER = "kongju.Graphos-UI";
				PRODUCT_NAME = "$(TARGET_NAME)";
				STRING_CATALOG_GENERATE_SYMBOLS = YES;
				SWIFT_APPROACHABLE_CONCURRENCY = YES;
				SWIFT_DEFAULT_ACTOR_ISOLATION = MainActor;
				SWIFT_EMIT_LOC_STRINGS = YES;
				SWIFT_UPCOMING_FEATURE_MEMBER_IMPORT_VISIBILITY = YES;
				SWIFT_VERSION = 5.0;
				TARGETED_DEVICE_FAMILY = "1,2";
			};
			name = Debug;
		};
		8FEA12A22FBB3C95009903F4 /* Release */ = {
			isa = XCBuildConfiguration;
			buildSettings = {
				ASSETCATALOG_COMPILER_APPICON_NAME = AppIcon;
				ASSETCATALOG_COMPILER_GLOBAL_ACCENT_COLOR_NAME = AccentColor;
				CODE_SIGN_STYLE = Automatic;
				CURRENT_PROJECT_VERSION = 1;
				ENABLE_PREVIEWS = YES;
				GENERATE_INFOPLIST_FILE = YES;
				INFOPLIST_FILE = "Graphos-Info.plist";
				INFOPLIST_KEY_NSPhotoLibraryUsageDescription = "앨범 접근";
				INFOPLIST_KEY_UIApplicationSceneManifest_Generation = YES;
				INFOPLIST_KEY_UIApplicationSupportsIndirectInputEvents = YES;
				INFOPLIST_KEY_UILaunchScreen_Generation = YES;
				INFOPLIST_KEY_UISupportedInterfaceOrientations_iPad = "UIInterfaceOrientationPortrait UIInterfaceOrientationPortraitUpsideDown UIInterfaceOrientationLandscapeLeft UIInterfaceOrientationLandscapeRight";
				INFOPLIST_KEY_UISupportedInterfaceOrientations_iPhone = "UIInterfaceOrientationPortrait UIInterfaceOrientationLandscapeLeft UIInterfaceOrientationLandscapeRight";
				LD_RUNPATH_SEARCH_PATHS = (
					"$(inherited)",
					"@executable_path/Frameworks",
				);
				MARKETING_VERSION = 1.0;
				PRODUCT_BUNDLE_IDENTIFIER = "kongju.Graphos-UI";
				PRODUCT_NAME = "$(TARGET_NAME)";
				STRING_CATALOG_GENERATE_SYMBOLS = YES;
				SWIFT_APPROACHABLE_CONCURRENCY = YES;
				SWIFT_DEFAULT_ACTOR_ISOLATION = MainActor;
				SWIFT_EMIT_LOC_STRINGS = YES;
				SWIFT_UPCOMING_FEATURE_MEMBER_IMPORT_VISIBILITY = YES;
				SWIFT_VERSION = 5.0;
				TARGETED_DEVICE_FAMILY = "1,2";
			};
			name = Release;
		};
		8FEA12A42FBB3C95009903F4 /* Debug */ = {
			isa = XCBuildConfiguration;
			buildSettings = {
				BUNDLE_LOADER = "$(TEST_HOST)";
				CODE_SIGN_STYLE = Automatic;
				CURRENT_PROJECT_VERSION = 1;
				GENERATE_INFOPLIST_FILE = YES;
				IPHONEOS_DEPLOYMENT_TARGET = 26.4;
				MARKETING_VERSION = 1.0;
				PRODUCT_BUNDLE_IDENTIFIER = "kongju.Graphos-UITests";
				PRODUCT_NAME = "$(TARGET_NAME)";
				STRING_CATALOG_GENERATE_SYMBOLS = NO;
				SWIFT_APPROACHABLE_CONCURRENCY = YES;
				SWIFT_EMIT_LOC_STRINGS = NO;
				SWIFT_UPCOMING_FEATURE_MEMBER_IMPORT_VISIBILITY = YES;
				SWIFT_VERSION = 5.0;
				TARGETED_DEVICE_FAMILY = "1,2";
				TEST_HOST = "$(BUILT_PRODUCTS_DIR)/Graphos.app/$(BUNDLE_EXECUTABLE_FOLDER_PATH)/Graphos";
			};
			name = Debug;
		};
		8FEA12A52FBB3C95009903F4 /* Release */ = {
			isa = XCBuildConfiguration;
			buildSettings = {
				BUNDLE_LOADER = "$(TEST_HOST)";
				CODE_SIGN_STYLE = Automatic;
				CURRENT_PROJECT_VERSION = 1;
				GENERATE_INFOPLIST_FILE = YES;
				IPHONEOS_DEPLOYMENT_TARGET = 26.4;
				MARKETING_VERSION = 1.0;
				PRODUCT_BUNDLE_IDENTIFIER = "kongju.Graphos-UITests";
				PRODUCT_NAME = "$(TARGET_NAME)";
				STRING_CATALOG_GENERATE_SYMBOLS = NO;
				SWIFT_APPROACHABLE_CONCURRENCY = YES;
				SWIFT_EMIT_LOC_STRINGS = NO;
				SWIFT_UPCOMING_FEATURE_MEMBER_IMPORT_VISIBILITY = YES;
				SWIFT_VERSION = 5.0;
				TARGETED_DEVICE_FAMILY = "1,2";
				TEST_HOST = "$(BUILT_PRODUCTS_DIR)/Graphos.app/$(BUNDLE_EXECUTABLE_FOLDER_PATH)/Graphos";
			};
			name = Release;
		};
		8FEA12A72FBB3C95009903F4 /* Debug */ = {
			isa = XCBuildConfiguration;
			buildSettings = {
				CODE_SIGN_STYLE = Automatic;
				CURRENT_PROJECT_VERSION = 1;
				GENERATE_INFOPLIST_FILE = YES;
				MARKETING_VERSION = 1.0;
				PRODUCT_BUNDLE_IDENTIFIER = "kongju.Graphos-UIUITests";
				PRODUCT_NAME = "$(TARGET_NAME)";
				STRING_CATALOG_GENERATE_SYMBOLS = NO;
				SWIFT_APPROACHABLE_CONCURRENCY = YES;
				SWIFT_EMIT_LOC_STRINGS = NO;
				SWIFT_UPCOMING_FEATURE_MEMBER_IMPORT_VISIBILITY = YES;
				SWIFT_VERSION = 5.0;
				TARGETED_DEVICE_FAMILY = "1,2";
				TEST_TARGET_NAME = Graphos_UI;
			};
			name = Debug;
		};
		8FEA12A82FBB3C95009903F4 /* Release */ = {
			isa = XCBuildConfiguration;
			buildSettings = {
				CODE_SIGN_STYLE = Automatic;
				CURRENT_PROJECT_VERSION = 1;
				GENERATE_INFOPLIST_FILE = YES;
				MARKETING_VERSION = 1.0;
				PRODUCT_BUNDLE_IDENTIFIER = "kongju.Graphos-UIUITests";
				PRODUCT_NAME = "$(TARGET_NAME)";
				STRING_CATALOG_GENERATE_SYMBOLS = NO;
				SWIFT_APPROACHABLE_CONCURRENCY = YES;
				SWIFT_EMIT_LOC_STRINGS = NO;
				SWIFT_UPCOMING_FEATURE_MEMBER_IMPORT_VISIBILITY = YES;
				SWIFT_VERSION = 5.0;
				TARGETED_DEVICE_FAMILY = "1,2";
				TEST_TARGET_NAME = Graphos_UI;
			};
			name = Release;
		};
/* End XCBuildConfiguration section */

/* Begin XCConfigurationList section */
		8FEA127A2FBB3C94009903F4 /* Build configuration list for PBXProject "Graphos" */ = {
			isa = XCConfigurationList;
			buildConfigurations = (
				8FEA129E2FBB3C95009903F4 /* Debug */,
				8FEA129F2FBB3C95009903F4 /* Release */,
			);
			defaultConfigurationIsVisible = 0;
			defaultConfigurationName = Release;
		};
		8FEA12A02FBB3C95009903F4 /* Build configuration list for PBXNativeTarget "Graphos" */ = {
			isa = XCConfigurationList;
			buildConfigurations = (
				8FEA12A12FBB3C95009903F4 /* Debug */,
				8FEA12A22FBB3C95009903F4 /* Release */,
			);
			defaultConfigurationIsVisible = 0;
			defaultConfigurationName = Release;
		};
		8FEA12A32FBB3C95009903F4 /* Build configuration list for PBXNativeTarget "GraphosTests" */ = {
			isa = XCConfigurationList;
			buildConfigurations = (
				8FEA12A42FBB3C95009903F4 /* Debug */,
				8FEA12A52FBB3C95009903F4 /* Release */,
			);
			defaultConfigurationIsVisible = 0;
			defaultConfigurationName = Release;
		};
		8FEA12A62FBB3C95009903F4 /* Build configuration list for PBXNativeTarget "GraphosUITests" */ = {
			isa = XCConfigurationList;
			buildConfigurations = (
				8FEA12A72FBB3C95009903F4 /* Debug */,
				8FEA12A82FBB3C95009903F4 /* Release */,
			);
			defaultConfigurationIsVisible = 0;
			defaultConfigurationName = Release;
		};
/* End XCConfigurationList section */
	};
	rootObject = 8FEA12772FBB3C94009903F4 /* Project object */;
}
